
Microsoft Visual Studio Solution File, Format Version 12.00
# Visual Studio Version 16
VisualStudioVersion = 16.0.30128.74
MinimumVisualStudioVersion = 10.0.40219.1
Project("{FAE04EC0-301F-11D3-BF4B-00C04F79EFBC}") = "Unit7Studio", "Unit7Studio\Unit7Studio.csproj", "{810CBC50-7977-4FD3-9617-C5CA253D8F15}"
EndProject
Global
	GlobalSection(SolutionConfigurationPlatforms) = preSolution
		Debug|Any CPU = Debug|Any CPU
		Release|Any CPU = Release|Any CPU
	EndGlobalSection
	GlobalSection(ProjectConfigurationPlatforms) = postSolution
		{810CBC50-7977-4FD3-9617-C5CA253D8F15}.Debug|Any CPU.ActiveCfg = Debug|Any CPU
		{810CBC50-7977-4FD3-9617-C5CA253D8F15}.Debug|Any CPU.Build.0 = Debug|Any CPU
		{810CBC50-7977-4FD3-9617-C5CA253D8F15}.Release|Any CPU.ActiveCfg = Release|Any CPU
		{810CBC50-7977-4FD3-9617-C5CA253D8F15}.Release|Any CPU.Build.0 = Release|Any CPU
	EndGlobalSection
	GlobalSection(SolutionProperties) = preSolution
		HideSolutionNode = FALSE
	EndGlobalSection
	GlobalSection(ExtensibilityGlobals) = postSolution
		SolutionGuid = {00A72D0F-7B08-4CA3-9478-B75971A04599}
	EndGlobalSection
EndGlobal
